{
  "name": "@writetome51/array-get-and-remove-adjacent-at",
  "version": "1.0.4",
  "lockfileVersion": 1,
  "requires": true,
  "dependencies": {
    "@writetome51/index-is-valid": {
      "version": "1.0.0",
      "resolved": "https://registry.npmjs.org/@writetome51/index-is-valid/-/index-is-valid-1.0.0.tgz",
      "integrity": "sha512-KNVGj8+XS/cWYlo9iG+miloPbR4NEESZ8G7NYsMBXt5cVoF7sSgyJBN4Z5XO9ypesSA4YdbfQYRp5H/2/yWBKw==",
      "requires": {
        "basic-data-handling": "~1.0.15"
      }
    },
    "basic-data-handling": {
      "version": "1.0.15",
      "resolved": "https://registry.npmjs.org/basic-data-handling/-/basic-data-handling-1.0.15.tgz",
      "integrity": "sha512-HyXRwPTfhKacukW4mMJl+3IsFC+5NzMr9flzp+XBJhHol0eAZzLxYqP7w3Cme3cziKcshzoO7Zf/9C+bewJWpA=="
    },
    "error-if-array-too-short-to-meet-adjacent-items-request": {
      "version": "1.0.1",
      "resolved": "https://registry.npmjs.org/error-if-array-too-short-to-meet-adjacent-items-request/-/error-if-array-too-short-to-meet-adjacent-items-request-1.0.1.tgz",
      "integrity": "sha512-mmZZM9/PhS1hrfCAHqNx5cSPdbMzph3nKL0AfpnOV1+NFrZW3Wy9ZvcB6CaDlnvjLcDru09RRUatp1RF8iVyMg=="
    },
    "error-if-index-how-many-or-array-are-not-valid": {
      "version": "1.0.0",
      "resolved": "https://registry.npmjs.org/error-if-index-how-many-or-array-are-not-valid/-/error-if-index-how-many-or-array-are-not-valid-1.0.0.tgz",
      "integrity": "sha512-wy7eh4MeDyrEgS/190lWLO5OH5pIzq10yDoFzf1zatzEI14Qlz92gqTNCcOKxcIsibxXtH2VB2ByRcyoQErW9g==",
      "requires": {
        "basic-data-handling": "~1.0.15",
        "error-if-index-not-valid": "~1.0.0"
      }
    },
    "error-if-index-not-valid": {
      "version": "1.0.0",
      "resolved": "https://registry.npmjs.org/error-if-index-not-valid/-/error-if-index-not-valid-1.0.0.tgz",
      "integrity": "sha512-jvm5tfD6XRd62V1UENmmmDpUefm7LfT5ksu5f+dbrRqDAZXZKK3KvqcHaIp78YhjZKUipAIZQSNKUpNQbY5Ktw==",
      "requires": {
        "@writetome51/index-is-valid": "~1.0.0"
      }
    }
  }
}
