{
  "name": "@writetome51/array-get-and-removers-basic",
  "version": "1.0.0",
  "lockfileVersion": 1,
  "requires": true,
  "dependencies": {
    "@writetome51/array-and-index-validation": {
      "version": "1.0.0",
      "resolved": "https://registry.npmjs.org/@writetome51/array-and-index-validation/-/array-and-index-validation-1.0.0.tgz",
      "integrity": "sha512-tlRCgXC/UNwtjiiot9QZot8uNG99jvluUSJe0tNxY5LGKEBU8DHZN/yh1OfkVnrrXWjWTmtISv5SM32LtXRWXg==",
      "requires": {
        "basic-data-handling": "^1.0.8"
      }
    },
    "basic-data-handling": {
      "version": "1.0.8",
      "resolved": "https://registry.npmjs.org/basic-data-handling/-/basic-data-handling-1.0.8.tgz",
      "integrity": "sha512-t/1o9O/mThdfCW1Z9Tlh0C4IR6J3H41fE+QZ+RKTvBBISVn1XSUYONNADhHsoN23G+8b7MleEswnCMlFkHioAQ=="
    }
  }
}
